
Microsoft Visual Studio Solution File, Format Version 12.00
# Visual Studio Version 16
VisualStudioVersion = 16.0.30204.135
MinimumVisualStudioVersion = 10.0.40219.1
Project("{2150E333-8FDC-42A3-9474-1A3956D46DE8}") = "Faces", "Faces", "{E0EF679A-FB59-4FD5-8BC5-48E70E450757}"
EndProject
Project("{9A19103F-16F7-4668-BE54-9A1E7A4F7556}") = "FacesApi", "Faces\FacesApi\FacesApi.csproj", "{97B75091-50A3-4C57-B104-4D6F92BFC630}"
EndProject
Project("{9A19103F-16F7-4668-BE54-9A1E7A4F7556}") = "FacesApiTest", "Faces\FacesApiTest\FacesApiTest.csproj", "{6432C7A3-AD5E-41DA-8825-78693BE729B2}"
EndProject
Project("{2150E333-8FDC-42A3-9474-1A3956D46DE8}") = "FacesSharedLib", "FacesSharedLib", "{47A8164D-BCBB-46B0-A7C1-A5A0B4FBE513}"
EndProject
Project("{9A19103F-16F7-4668-BE54-9A1E7A4F7556}") = "MessagingInterfacesContants", "FacesSharedLib\MessagingInterfacesContants\MessagingInterfacesContants.csproj", "{9EB44D26-02D6-40BC-A041-E4F698D3097D}"
EndProject
Project("{2150E333-8FDC-42A3-9474-1A3956D46DE8}") = "Faces.Web", "Faces.Web", "{D547E3A3-5288-4756-8ED8-D2E70E9A26D6}"
EndProject
Project("{9A19103F-16F7-4668-BE54-9A1E7A4F7556}") = "Faces.WebMvc", "Faces.Web\Faces.WebMvc\Faces.WebMvc.csproj", "{2D3718AF-ACEC-47F3-811D-34CE1BF32870}"
EndProject
Project("{2150E333-8FDC-42A3-9474-1A3956D46DE8}") = "Ordering", "Ordering", "{E0A2313C-2A22-4C34-A005-3C2B41BE129C}"
EndProject
Project("{9A19103F-16F7-4668-BE54-9A1E7A4F7556}") = "OrdersApi", "Ordering\OrdersApi\OrdersApi.csproj", "{8FD87968-4391-4B3E-BF3B-A61441CE1FB0}"
EndProject
Project("{2150E333-8FDC-42A3-9474-1A3956D46DE8}") = "CustomerNotification", "CustomerNotification", "{38743C57-3234-4469-81C2-CFE09D6D0AB1}"
EndProject
Project("{FAE04EC0-301F-11D3-BF4B-00C04F79EFBC}") = "NotificationService", "CustomerNotification\NotificationService\NotificationService.csproj", "{F4C56B8F-D4DF-4CE5-B686-C992A487A282}"
EndProject
Project("{FAE04EC0-301F-11D3-BF4B-00C04F79EFBC}") = "EmailService", "CustomerNotification\EmailService\EmailService.csproj", "{641564F4-A8F5-4CC5-8471-D4AADF3D31D7}"
EndProject
Global
	GlobalSection(SolutionConfigurationPlatforms) = preSolution
		Debug|Any CPU = Debug|Any CPU
		Release|Any CPU = Release|Any CPU
	EndGlobalSection
	GlobalSection(ProjectConfigurationPlatforms) = postSolution
		{97B75091-50A3-4C57-B104-4D6F92BFC630}.Debug|Any CPU.ActiveCfg = Debug|Any CPU
		{97B75091-50A3-4C57-B104-4D6F92BFC630}.Debug|Any CPU.Build.0 = Debug|Any CPU
		{97B75091-50A3-4C57-B104-4D6F92BFC630}.Release|Any CPU.ActiveCfg = Release|Any CPU
		{97B75091-50A3-4C57-B104-4D6F92BFC630}.Release|Any CPU.Build.0 = Release|Any CPU
		{6432C7A3-AD5E-41DA-8825-78693BE729B2}.Debug|Any CPU.ActiveCfg = Debug|Any CPU
		{6432C7A3-AD5E-41DA-8825-78693BE729B2}.Debug|Any CPU.Build.0 = Debug|Any CPU
		{6432C7A3-AD5E-41DA-8825-78693BE729B2}.Release|Any CPU.ActiveCfg = Release|Any CPU
		{6432C7A3-AD5E-41DA-8825-78693BE729B2}.Release|Any CPU.Build.0 = Release|Any CPU
		{9EB44D26-02D6-40BC-A041-E4F698D3097D}.Debug|Any CPU.ActiveCfg = Debug|Any CPU
		{9EB44D26-02D6-40BC-A041-E4F698D3097D}.Debug|Any CPU.Build.0 = Debug|Any CPU
		{9EB44D26-02D6-40BC-A041-E4F698D3097D}.Release|Any CPU.ActiveCfg = Release|Any CPU
		{9EB44D26-02D6-40BC-A041-E4F698D3097D}.Release|Any CPU.Build.0 = Release|Any CPU
		{2D3718AF-ACEC-47F3-811D-34CE1BF32870}.Debug|Any CPU.ActiveCfg = Debug|Any CPU
		{2D3718AF-ACEC-47F3-811D-34CE1BF32870}.Debug|Any CPU.Build.0 = Debug|Any CPU
		{2D3718AF-ACEC-47F3-811D-34CE1BF32870}.Release|Any CPU.ActiveCfg = Release|Any CPU
		{2D3718AF-ACEC-47F3-811D-34CE1BF32870}.Release|Any CPU.Build.0 = Release|Any CPU
		{8FD87968-4391-4B3E-BF3B-A61441CE1FB0}.Debug|Any CPU.ActiveCfg = Debug|Any CPU
		{8FD87968-4391-4B3E-BF3B-A61441CE1FB0}.Debug|Any CPU.Build.0 = Debug|Any CPU
		{8FD87968-4391-4B3E-BF3B-A61441CE1FB0}.Release|Any CPU.ActiveCfg = Release|Any CPU
		{8FD87968-4391-4B3E-BF3B-A61441CE1FB0}.Release|Any CPU.Build.0 = Release|Any CPU
		{F4C56B8F-D4DF-4CE5-B686-C992A487A282}.Debug|Any CPU.ActiveCfg = Debug|Any CPU
		{F4C56B8F-D4DF-4CE5-B686-C992A487A282}.Debug|Any CPU.Build.0 = Debug|Any CPU
		{F4C56B8F-D4DF-4CE5-B686-C992A487A282}.Release|Any CPU.ActiveCfg = Release|Any CPU
		{F4C56B8F-D4DF-4CE5-B686-C992A487A282}.Release|Any CPU.Build.0 = Release|Any CPU
		{641564F4-A8F5-4CC5-8471-D4AADF3D31D7}.Debug|Any CPU.ActiveCfg = Debug|Any CPU
		{641564F4-A8F5-4CC5-8471-D4AADF3D31D7}.Debug|Any CPU.Build.0 = Debug|Any CPU
		{641564F4-A8F5-4CC5-8471-D4AADF3D31D7}.Release|Any CPU.ActiveCfg = Release|Any CPU
		{641564F4-A8F5-4CC5-8471-D4AADF3D31D7}.Release|Any CPU.Build.0 = Release|Any CPU
	EndGlobalSection
	GlobalSection(SolutionProperties) = preSolution
		HideSolutionNode = FALSE
	EndGlobalSection
	GlobalSection(NestedProjects) = preSolution
		{97B75091-50A3-4C57-B104-4D6F92BFC630} = {E0EF679A-FB59-4FD5-8BC5-48E70E450757}
		{6432C7A3-AD5E-41DA-8825-78693BE729B2} = {E0EF679A-FB59-4FD5-8BC5-48E70E450757}
		{9EB44D26-02D6-40BC-A041-E4F698D3097D} = {47A8164D-BCBB-46B0-A7C1-A5A0B4FBE513}
		{2D3718AF-ACEC-47F3-811D-34CE1BF32870} = {D547E3A3-5288-4756-8ED8-D2E70E9A26D6}
		{8FD87968-4391-4B3E-BF3B-A61441CE1FB0} = {E0A2313C-2A22-4C34-A005-3C2B41BE129C}
		{F4C56B8F-D4DF-4CE5-B686-C992A487A282} = {38743C57-3234-4469-81C2-CFE09D6D0AB1}
		{641564F4-A8F5-4CC5-8471-D4AADF3D31D7} = {38743C57-3234-4469-81C2-CFE09D6D0AB1}
	EndGlobalSection
	GlobalSection(ExtensibilityGlobals) = postSolution
		SolutionGuid = {D71BCE0D-745E-4DB5-A07B-F179D9BC8492}
	EndGlobalSection
EndGlobal
