
Microsoft Visual Studio Solution File, Format Version 12.00
# Visual Studio Version 16
VisualStudioVersion = 16.0.30204.135
MinimumVisualStudioVersion = 10.0.40219.1
Project("{2150E333-8FDC-42A3-9474-1A3956D46DE8}") = "Faces", "Faces", "{E0EF679A-FB59-4FD5-8BC5-48E70E450757}"
EndProject
Project("{FAE04EC0-301F-11D3-BF4B-00C04F79EFBC}") = "FacesApi", "Faces\FacesApi\FacesApi.csproj", "{97B75091-50A3-4C57-B104-4D6F92BFC630}"
EndProject
Global
	GlobalSection(SolutionConfigurationPlatforms) = preSolution
		Debug|Any CPU = Debug|Any CPU
		Release|Any CPU = Release|Any CPU
	EndGlobalSection
	GlobalSection(ProjectConfigurationPlatforms) = postSolution
		{97B75091-50A3-4C57-B104-4D6F92BFC630}.Debug|Any CPU.ActiveCfg = Debug|Any CPU
		{97B75091-50A3-4C57-B104-4D6F92BFC630}.Debug|Any CPU.Build.0 = Debug|Any CPU
		{97B75091-50A3-4C57-B104-4D6F92BFC630}.Release|Any CPU.ActiveCfg = Release|Any CPU
		{97B75091-50A3-4C57-B104-4D6F92BFC630}.Release|Any CPU.Build.0 = Release|Any CPU
	EndGlobalSection
	GlobalSection(SolutionProperties) = preSolution
		HideSolutionNode = FALSE
	EndGlobalSection
	GlobalSection(NestedProjects) = preSolution
		{97B75091-50A3-4C57-B104-4D6F92BFC630} = {E0EF679A-FB59-4FD5-8BC5-48E70E450757}
	EndGlobalSection
	GlobalSection(ExtensibilityGlobals) = postSolution
		SolutionGuid = {D71BCE0D-745E-4DB5-A07B-F179D9BC8492}
	EndGlobalSection
EndGlobal
